
Microsoft Visual Studio Solution File, Format Version 12.00
# Visual Studio Version 17
VisualStudioVersion = 17.2.32602.215
MinimumVisualStudioVersion = 10.0.40219.1
Project("{F184B08F-C81C-45F6-A57F-5ABD9991F28F}") = "PayPalWebFormsVB", "PayPalWebFormsVB\PayPalWebFormsVB.vbproj", "{C86A7FF7-5749-4956-8455-C42C757CA35E}"
EndProject
Global
	GlobalSection(SolutionConfigurationPlatforms) = preSolution
		Debug|Any CPU = Debug|Any CPU
		Release|Any CPU = Release|Any CPU
	EndGlobalSection
	GlobalSection(ProjectConfigurationPlatforms) = postSolution
		{C86A7FF7-5749-4956-8455-C42C757CA35E}.Debug|Any CPU.ActiveCfg = Debug|Any CPU
		{C86A7FF7-5749-4956-8455-C42C757CA35E}.Debug|Any CPU.Build.0 = Debug|Any CPU
		{C86A7FF7-5749-4956-8455-C42C757CA35E}.Release|Any CPU.ActiveCfg = Release|Any CPU
		{C86A7FF7-5749-4956-8455-C42C757CA35E}.Release|Any CPU.Build.0 = Release|Any CPU
	EndGlobalSection
	GlobalSection(SolutionProperties) = preSolution
		HideSolutionNode = FALSE
	EndGlobalSection
	GlobalSection(ExtensibilityGlobals) = postSolution
		SolutionGuid = {AC447A47-D2A9-47F7-8318-8D9689CF2841}
	EndGlobalSection
EndGlobal
